// !$*UTF8*$!
{
	archiveVersion = 1;
	classes = {
	};
	objectVersion = 55;
	objects = {

/* Begin PBXBuildFile section */
		0940D9D82AAB88DC00ABD584 /* AppDelegate.swift in Sources */ = {isa = PBXBuildFile; fileRef = 0940D9D72AAB88DC00ABD584 /* AppDelegate.swift */; };
		0940D9DA2AAB88DC00ABD584 /* SceneDelegate.swift in Sources */ = {isa = PBXBuildFile; fileRef = 0940D9D92AAB88DC00ABD584 /* SceneDelegate.swift */; };
		0940D9DC2AAB88DC00ABD584 /* BrowserView.swift in Sources */ = {isa = PBXBuildFile; fileRef = 0940D9DB2AAB88DC00ABD584 /* BrowserView.swift */; };
		0940D9E12AAB88E600ABD584 /* Assets.xcassets in Resources */ = {isa = PBXBuildFile; fileRef = 0940D9E02AAB88E600ABD584 /* Assets.xcassets */; };
		0940D9E42AAB88E600ABD584 /* LaunchScreen.storyboard in Resources */ = {isa = PBXBuildFile; fileRef = 0940D9E22AAB88E600ABD584 /* LaunchScreen.storyboard */; };
		0940D9ED2AAB893700ABD584 /* CoreService.swift in Sources */ = {isa = PBXBuildFile; fileRef = 0940D9EC2AAB893700ABD584 /* CoreService.swift */; };
		0940D9EF2AAB89AE00ABD584 /* RequestBuilder.swift in Sources */ = {isa = PBXBuildFile; fileRef = 0940D9EE2AAB89AE00ABD584 /* RequestBuilder.swift */; };
		0940D9FA2AAB8E7D00ABD584 /* BrowserInteractor.swift in Sources */ = {isa = PBXBuildFile; fileRef = 0940D9F92AAB8E7D00ABD584 /* BrowserInteractor.swift */; };
		0940D9FC2AAB902800ABD584 /* PopularMovieEntity.swift in Sources */ = {isa = PBXBuildFile; fileRef = 0940D9FB2AAB902800ABD584 /* PopularMovieEntity.swift */; };
		0940D9FE2AAB90DD00ABD584 /* PopularMoviesResponseEntity.swift in Sources */ = {isa = PBXBuildFile; fileRef = 0940D9FD2AAB90DD00ABD584 /* PopularMoviesResponseEntity.swift */; };
		0982BBA52AAE4DFB00C60475 /* DetailMovieViewModelCell.swift in Sources */ = {isa = PBXBuildFile; fileRef = 0982BBA42AAE4DFB00C60475 /* DetailMovieViewModelCell.swift */; };
		0982BBA72AAE613200C60475 /* CoverCollectionViewCell.swift in Sources */ = {isa = PBXBuildFile; fileRef = 0982BBA62AAE613200C60475 /* CoverCollectionViewCell.swift */; };
		0982BBA92AAE6F8C00C60475 /* TextCollectionViewCell.swift in Sources */ = {isa = PBXBuildFile; fileRef = 0982BBA82AAE6F8C00C60475 /* TextCollectionViewCell.swift */; };
		0982BBB72AAFF64700C60475 /* TabBarViewController.swift in Sources */ = {isa = PBXBuildFile; fileRef = 0982BBB62AAFF64700C60475 /* TabBarViewController.swift */; };
		0982BBBF2AB0CE5C00C60475 /* AuthService.swift in Sources */ = {isa = PBXBuildFile; fileRef = 0982BBBE2AB0CE5C00C60475 /* AuthService.swift */; };
		0982BBC12AB0D5BD00C60475 /* AuthEntity.swift in Sources */ = {isa = PBXBuildFile; fileRef = 0982BBC02AB0D5BD00C60475 /* AuthEntity.swift */; };
		0982BBC32AB0E8EB00C60475 /* RequestTokenEntity.swift in Sources */ = {isa = PBXBuildFile; fileRef = 0982BBC22AB0E8EB00C60475 /* RequestTokenEntity.swift */; };
		0982BBC52AB0EAA700C60475 /* AuthInteractor.swift in Sources */ = {isa = PBXBuildFile; fileRef = 0982BBC42AB0EAA700C60475 /* AuthInteractor.swift */; };
		0982BBC72AB0F11B00C60475 /* AuthPresenter.swift in Sources */ = {isa = PBXBuildFile; fileRef = 0982BBC62AB0F11B00C60475 /* AuthPresenter.swift */; };
		0982BBC92AB0F21600C60475 /* AuthView.swift in Sources */ = {isa = PBXBuildFile; fileRef = 0982BBC82AB0F21600C60475 /* AuthView.swift */; };
		0982BBCB2AB0F2F200C60475 /* AuthRouter.swift in Sources */ = {isa = PBXBuildFile; fileRef = 0982BBCA2AB0F2F200C60475 /* AuthRouter.swift */; };
		098F8D1C2AAD448700BA9F2C /* UpComingResponseEntity.swift in Sources */ = {isa = PBXBuildFile; fileRef = 098F8D1B2AAD448700BA9F2C /* UpComingResponseEntity.swift */; };
		098F8D1E2AAD452200BA9F2C /* UpComingEntity.swift in Sources */ = {isa = PBXBuildFile; fileRef = 098F8D1D2AAD452200BA9F2C /* UpComingEntity.swift */; };
		098F8D202AAD47A900BA9F2C /* UpComingViewModelCell.swift in Sources */ = {isa = PBXBuildFile; fileRef = 098F8D1F2AAD47A900BA9F2C /* UpComingViewModelCell.swift */; };
		098F8D2D2AAE08AD00BA9F2C /* DetailService.swift in Sources */ = {isa = PBXBuildFile; fileRef = 098F8D2C2AAE08AD00BA9F2C /* DetailService.swift */; };
		098F8D2F2AAE102800BA9F2C /* DetailMovieResponseEntity.swift in Sources */ = {isa = PBXBuildFile; fileRef = 098F8D2E2AAE102800BA9F2C /* DetailMovieResponseEntity.swift */; };
		098F8D312AAE108500BA9F2C /* GenreEntity.swift in Sources */ = {isa = PBXBuildFile; fileRef = 098F8D302AAE108500BA9F2C /* GenreEntity.swift */; };
		098F8D332AAE131700BA9F2C /* DetailMovieInteractor.swift in Sources */ = {isa = PBXBuildFile; fileRef = 098F8D322AAE131700BA9F2C /* DetailMovieInteractor.swift */; };
		098F8D352AAE139300BA9F2C /* DetailMoviePresenter.swift in Sources */ = {isa = PBXBuildFile; fileRef = 098F8D342AAE139300BA9F2C /* DetailMoviePresenter.swift */; };
		098F8D372AAE19A000BA9F2C /* DetailMovieView.swift in Sources */ = {isa = PBXBuildFile; fileRef = 098F8D362AAE19A000BA9F2C /* DetailMovieView.swift */; };
		098F8D392AAE214600BA9F2C /* DetailMovieRouter.swift in Sources */ = {isa = PBXBuildFile; fileRef = 098F8D382AAE214600BA9F2C /* DetailMovieRouter.swift */; };
		099E15592AACC159003C916E /* AlertHelper.swift in Sources */ = {isa = PBXBuildFile; fileRef = 099E15582AACC159003C916E /* AlertHelper.swift */; };
		099E155C2AACC38C003C916E /* NowPlayingEntity.swift in Sources */ = {isa = PBXBuildFile; fileRef = 099E155B2AACC38C003C916E /* NowPlayingEntity.swift */; };
		099E155E2AACC3BC003C916E /* NowPlayingResponseEntity.swift in Sources */ = {isa = PBXBuildFile; fileRef = 099E155D2AACC3BC003C916E /* NowPlayingResponseEntity.swift */; };
		099E15602AACC64B003C916E /* NowPlayingViewModelCell.swift in Sources */ = {isa = PBXBuildFile; fileRef = 099E155F2AACC64B003C916E /* NowPlayingViewModelCell.swift */; };
		099E15632AACDB02003C916E /* BasicMovieCollectionViewCell.swift in Sources */ = {isa = PBXBuildFile; fileRef = 099E15622AACDB02003C916E /* BasicMovieCollectionViewCell.swift */; };
		099E15652AACE139003C916E /* HeaderTitleCollectionReusableView.swift in Sources */ = {isa = PBXBuildFile; fileRef = 099E15642AACE139003C916E /* HeaderTitleCollectionReusableView.swift */; };
		099E15672AACE67C003C916E /* TopRateEntity.swift in Sources */ = {isa = PBXBuildFile; fileRef = 099E15662AACE67C003C916E /* TopRateEntity.swift */; };
		099E15692AACE6B9003C916E /* TopRateResponseEntity.swift in Sources */ = {isa = PBXBuildFile; fileRef = 099E15682AACE6B9003C916E /* TopRateResponseEntity.swift */; };
		099E156B2AACE7BC003C916E /* TopRateViewModelCell.swift in Sources */ = {isa = PBXBuildFile; fileRef = 099E156A2AACE7BC003C916E /* TopRateViewModelCell.swift */; };
		09D21C4E2AAB9A5B000CADBD /* BrowserPresenter.swift in Sources */ = {isa = PBXBuildFile; fileRef = 09D21C4D2AAB9A5B000CADBD /* BrowserPresenter.swift */; };
		09D21C502AABA7D7000CADBD /* BrowserService.swift in Sources */ = {isa = PBXBuildFile; fileRef = 09D21C4F2AABA7D7000CADBD /* BrowserService.swift */; };
		09D21C522AABADCB000CADBD /* BrowserRouter.swift in Sources */ = {isa = PBXBuildFile; fileRef = 09D21C512AABADCB000CADBD /* BrowserRouter.swift */; };
		09D21C572AABDC7D000CADBD /* Mapper.swift in Sources */ = {isa = PBXBuildFile; fileRef = 09D21C562AABDC7D000CADBD /* Mapper.swift */; };
		09D21C5B2AABDD93000CADBD /* PopularViewModelCell.swift in Sources */ = {isa = PBXBuildFile; fileRef = 09D21C5A2AABDD93000CADBD /* PopularViewModelCell.swift */; };
		490D23A24235CA1255270C94 /* Pods_TheMovie.framework in Frameworks */ = {isa = PBXBuildFile; fileRef = 72C9BDB0781016D0F5A79FA7 /* Pods_TheMovie.framework */; };
/* End PBXBuildFile section */

/* Begin PBXFileReference section */
		0940D9D42AAB88DC00ABD584 /* TheMovie.app */ = {isa = PBXFileReference; explicitFileType = wrapper.application; includeInIndex = 0; path = TheMovie.app; sourceTree = BUILT_PRODUCTS_DIR; };
		0940D9D72AAB88DC00ABD584 /* AppDelegate.swift */ = {isa = PBXFileReference; lastKnownFileType = sourcecode.swift; path = AppDelegate.swift; sourceTree = "<group>"; };
		0940D9D92AAB88DC00ABD584 /* SceneDelegate.swift */ = {isa = PBXFileReference; lastKnownFileType = sourcecode.swift; path = SceneDelegate.swift; sourceTree = "<group>"; };
		0940D9DB2AAB88DC00ABD584 /* BrowserView.swift */ = {isa = PBXFileReference; lastKnownFileType = sourcecode.swift; path = BrowserView.swift; sourceTree = "<group>"; };
		0940D9E02AAB88E600ABD584 /* Assets.xcassets */ = {isa = PBXFileReference; lastKnownFileType = folder.assetcatalog; path = Assets.xcassets; sourceTree = "<group>"; };
		0940D9E32AAB88E600ABD584 /* Base */ = {isa = PBXFileReference; lastKnownFileType = file.storyboard; name = Base; path = Base.lproj/LaunchScreen.storyboard; sourceTree = "<group>"; };
		0940D9E52AAB88E600ABD584 /* Info.plist */ = {isa = PBXFileReference; lastKnownFileType = text.plist.xml; path = Info.plist; sourceTree = "<group>"; };
		0940D9EC2AAB893700ABD584 /* CoreService.swift */ = {isa = PBXFileReference; lastKnownFileType = sourcecode.swift; path = CoreService.swift; sourceTree = "<group>"; };
		0940D9EE2AAB89AE00ABD584 /* RequestBuilder.swift */ = {isa = PBXFileReference; lastKnownFileType = sourcecode.swift; path = RequestBuilder.swift; sourceTree = "<group>"; };
		0940D9F92AAB8E7D00ABD584 /* BrowserInteractor.swift */ = {isa = PBXFileReference; lastKnownFileType = sourcecode.swift; path = BrowserInteractor.swift; sourceTree = "<group>"; };
		0940D9FB2AAB902800ABD584 /* PopularMovieEntity.swift */ = {isa = PBXFileReference; lastKnownFileType = sourcecode.swift; path = PopularMovieEntity.swift; sourceTree = "<group>"; };
		0940D9FD2AAB90DD00ABD584 /* PopularMoviesResponseEntity.swift */ = {isa = PBXFileReference; lastKnownFileType = sourcecode.swift; path = PopularMoviesResponseEntity.swift; sourceTree = "<group>"; };
		0982BBA42AAE4DFB00C60475 /* DetailMovieViewModelCell.swift */ = {isa = PBXFileReference; lastKnownFileType = sourcecode.swift; path = DetailMovieViewModelCell.swift; sourceTree = "<group>"; };
		0982BBA62AAE613200C60475 /* CoverCollectionViewCell.swift */ = {isa = PBXFileReference; lastKnownFileType = sourcecode.swift; path = CoverCollectionViewCell.swift; sourceTree = "<group>"; };
		0982BBA82AAE6F8C00C60475 /* TextCollectionViewCell.swift */ = {isa = PBXFileReference; lastKnownFileType = sourcecode.swift; path = TextCollectionViewCell.swift; sourceTree = "<group>"; };
		0982BBB62AAFF64700C60475 /* TabBarViewController.swift */ = {isa = PBXFileReference; lastKnownFileType = sourcecode.swift; path = TabBarViewController.swift; sourceTree = "<group>"; };
		0982BBBE2AB0CE5C00C60475 /* AuthService.swift */ = {isa = PBXFileReference; lastKnownFileType = sourcecode.swift; path = AuthService.swift; sourceTree = "<group>"; };
		0982BBC02AB0D5BD00C60475 /* AuthEntity.swift */ = {isa = PBXFileReference; lastKnownFileType = sourcecode.swift; path = AuthEntity.swift; sourceTree = "<group>"; };
		0982BBC22AB0E8EB00C60475 /* RequestTokenEntity.swift */ = {isa = PBXFileReference; lastKnownFileType = sourcecode.swift; path = RequestTokenEntity.swift; sourceTree = "<group>"; };
		0982BBC42AB0EAA700C60475 /* AuthInteractor.swift */ = {isa = PBXFileReference; lastKnownFileType = sourcecode.swift; path = AuthInteractor.swift; sourceTree = "<group>"; };
		0982BBC62AB0F11B00C60475 /* AuthPresenter.swift */ = {isa = PBXFileReference; lastKnownFileType = sourcecode.swift; path = AuthPresenter.swift; sourceTree = "<group>"; };
		0982BBC82AB0F21600C60475 /* AuthView.swift */ = {isa = PBXFileReference; lastKnownFileType = sourcecode.swift; path = AuthView.swift; sourceTree = "<group>"; };
		0982BBCA2AB0F2F200C60475 /* AuthRouter.swift */ = {isa = PBXFileReference; lastKnownFileType = sourcecode.swift; path = AuthRouter.swift; sourceTree = "<group>"; };
		098F8D1B2AAD448700BA9F2C /* UpComingResponseEntity.swift */ = {isa = PBXFileReference; lastKnownFileType = sourcecode.swift; path = UpComingResponseEntity.swift; sourceTree = "<group>"; };
		098F8D1D2AAD452200BA9F2C /* UpComingEntity.swift */ = {isa = PBXFileReference; lastKnownFileType = sourcecode.swift; path = UpComingEntity.swift; sourceTree = "<group>"; };
		098F8D1F2AAD47A900BA9F2C /* UpComingViewModelCell.swift */ = {isa = PBXFileReference; lastKnownFileType = sourcecode.swift; path = UpComingViewModelCell.swift; sourceTree = "<group>"; };
		098F8D2C2AAE08AD00BA9F2C /* DetailService.swift */ = {isa = PBXFileReference; lastKnownFileType = sourcecode.swift; path = DetailService.swift; sourceTree = "<group>"; };
		098F8D2E2AAE102800BA9F2C /* DetailMovieResponseEntity.swift */ = {isa = PBXFileReference; lastKnownFileType = sourcecode.swift; path = DetailMovieResponseEntity.swift; sourceTree = "<group>"; };
		098F8D302AAE108500BA9F2C /* GenreEntity.swift */ = {isa = PBXFileReference; lastKnownFileType = sourcecode.swift; path = GenreEntity.swift; sourceTree = "<group>"; };
		098F8D322AAE131700BA9F2C /* DetailMovieInteractor.swift */ = {isa = PBXFileReference; lastKnownFileType = sourcecode.swift; path = DetailMovieInteractor.swift; sourceTree = "<group>"; };
		098F8D342AAE139300BA9F2C /* DetailMoviePresenter.swift */ = {isa = PBXFileReference; lastKnownFileType = sourcecode.swift; path = DetailMoviePresenter.swift; sourceTree = "<group>"; };
		098F8D362AAE19A000BA9F2C /* DetailMovieView.swift */ = {isa = PBXFileReference; lastKnownFileType = sourcecode.swift; path = DetailMovieView.swift; sourceTree = "<group>"; };
		098F8D382AAE214600BA9F2C /* DetailMovieRouter.swift */ = {isa = PBXFileReference; lastKnownFileType = sourcecode.swift; path = DetailMovieRouter.swift; sourceTree = "<group>"; };
		099E15582AACC159003C916E /* AlertHelper.swift */ = {isa = PBXFileReference; lastKnownFileType = sourcecode.swift; path = AlertHelper.swift; sourceTree = "<group>"; };
		099E155B2AACC38C003C916E /* NowPlayingEntity.swift */ = {isa = PBXFileReference; lastKnownFileType = sourcecode.swift; path = NowPlayingEntity.swift; sourceTree = "<group>"; };
		099E155D2AACC3BC003C916E /* NowPlayingResponseEntity.swift */ = {isa = PBXFileReference; lastKnownFileType = sourcecode.swift; path = NowPlayingResponseEntity.swift; sourceTree = "<group>"; };
		099E155F2AACC64B003C916E /* NowPlayingViewModelCell.swift */ = {isa = PBXFileReference; lastKnownFileType = sourcecode.swift; path = NowPlayingViewModelCell.swift; sourceTree = "<group>"; };
		099E15622AACDB02003C916E /* BasicMovieCollectionViewCell.swift */ = {isa = PBXFileReference; lastKnownFileType = sourcecode.swift; path = BasicMovieCollectionViewCell.swift; sourceTree = "<group>"; };
		099E15642AACE139003C916E /* HeaderTitleCollectionReusableView.swift */ = {isa = PBXFileReference; lastKnownFileType = sourcecode.swift; path = HeaderTitleCollectionReusableView.swift; sourceTree = "<group>"; };
		099E15662AACE67C003C916E /* TopRateEntity.swift */ = {isa = PBXFileReference; lastKnownFileType = sourcecode.swift; path = TopRateEntity.swift; sourceTree = "<group>"; };
		099E15682AACE6B9003C916E /* TopRateResponseEntity.swift */ = {isa = PBXFileReference; lastKnownFileType = sourcecode.swift; path = TopRateResponseEntity.swift; sourceTree = "<group>"; };
		099E156A2AACE7BC003C916E /* TopRateViewModelCell.swift */ = {isa = PBXFileReference; lastKnownFileType = sourcecode.swift; path = TopRateViewModelCell.swift; sourceTree = "<group>"; };
		09D21C4D2AAB9A5B000CADBD /* BrowserPresenter.swift */ = {isa = PBXFileReference; lastKnownFileType = sourcecode.swift; path = BrowserPresenter.swift; sourceTree = "<group>"; };
		09D21C4F2AABA7D7000CADBD /* BrowserService.swift */ = {isa = PBXFileReference; lastKnownFileType = sourcecode.swift; path = BrowserService.swift; sourceTree = "<group>"; };
		09D21C512AABADCB000CADBD /* BrowserRouter.swift */ = {isa = PBXFileReference; lastKnownFileType = sourcecode.swift; path = BrowserRouter.swift; sourceTree = "<group>"; };
		09D21C562AABDC7D000CADBD /* Mapper.swift */ = {isa = PBXFileReference; lastKnownFileType = sourcecode.swift; path = Mapper.swift; sourceTree = "<group>"; };
		09D21C5A2AABDD93000CADBD /* PopularViewModelCell.swift */ = {isa = PBXFileReference; lastKnownFileType = sourcecode.swift; path = PopularViewModelCell.swift; sourceTree = "<group>"; };
		4CE94ABA4F3CE1225791AB33 /* Pods-TheMovie.debug.xcconfig */ = {isa = PBXFileReference; includeInIndex = 1; lastKnownFileType = text.xcconfig; name = "Pods-TheMovie.debug.xcconfig"; path = "Target Support Files/Pods-TheMovie/Pods-TheMovie.debug.xcconfig"; sourceTree = "<group>"; };
		72C9BDB0781016D0F5A79FA7 /* Pods_TheMovie.framework */ = {isa = PBXFileReference; explicitFileType = wrapper.framework; includeInIndex = 0; path = Pods_TheMovie.framework; sourceTree = BUILT_PRODUCTS_DIR; };
		9DEF1CFCC49080A5ED05CF30 /* Pods-TheMovie.release.xcconfig */ = {isa = PBXFileReference; includeInIndex = 1; lastKnownFileType = text.xcconfig; name = "Pods-TheMovie.release.xcconfig"; path = "Target Support Files/Pods-TheMovie/Pods-TheMovie.release.xcconfig"; sourceTree = "<group>"; };
/* End PBXFileReference section */

/* Begin PBXFrameworksBuildPhase section */
		0940D9D12AAB88DC00ABD584 /* Frameworks */ = {
			isa = PBXFrameworksBuildPhase;
			buildActionMask = 2147483647;
			files = (
				490D23A24235CA1255270C94 /* Pods_TheMovie.framework in Frameworks */,
			);
			runOnlyForDeploymentPostprocessing = 0;
		};
/* End PBXFrameworksBuildPhase section */

/* Begin PBXGroup section */
		0940D9CB2AAB88DC00ABD584 = {
			isa = PBXGroup;
			children = (
				0940D9D62AAB88DC00ABD584 /* TheMovie */,
				0940D9D52AAB88DC00ABD584 /* Products */,
				5A0D9E48705183FC9F6897D0 /* Pods */,
				DA5D867017E6F2BF68DA1F60 /* Frameworks */,
			);
			sourceTree = "<group>";
		};
		0940D9D52AAB88DC00ABD584 /* Products */ = {
			isa = PBXGroup;
			children = (
				0940D9D42AAB88DC00ABD584 /* TheMovie.app */,
			);
			name = Products;
			sourceTree = "<group>";
		};
		0940D9D62AAB88DC00ABD584 /* TheMovie */ = {
			isa = PBXGroup;
			children = (
				09D21C532AABDC48000CADBD /* Utils */,
				0940D9EB2AAB891900ABD584 /* Manager */,
				0940D9F02AAB8D7800ABD584 /* Moduls */,
				0940D9D72AAB88DC00ABD584 /* AppDelegate.swift */,
				0940D9D92AAB88DC00ABD584 /* SceneDelegate.swift */,
				0940D9E02AAB88E600ABD584 /* Assets.xcassets */,
				0940D9E22AAB88E600ABD584 /* LaunchScreen.storyboard */,
				0940D9E52AAB88E600ABD584 /* Info.plist */,
			);
			path = TheMovie;
			sourceTree = "<group>";
		};
		0940D9EB2AAB891900ABD584 /* Manager */ = {
			isa = PBXGroup;
			children = (
				0940D9EC2AAB893700ABD584 /* CoreService.swift */,
				0940D9EE2AAB89AE00ABD584 /* RequestBuilder.swift */,
			);
			path = Manager;
			sourceTree = "<group>";
		};
		0940D9F02AAB8D7800ABD584 /* Moduls */ = {
			isa = PBXGroup;
			children = (
				0982BBB82AB0CD8000C60475 /* Auth */,
				0940D9F22AAB8DCB00ABD584 /* Others */,
				0940D9F12AAB8DC300ABD584 /* Core */,
			);
			path = Moduls;
			sourceTree = "<group>";
		};
		0940D9F12AAB8DC300ABD584 /* Core */ = {
			isa = PBXGroup;
			children = (
				0940D9F32AAB8DF000ABD584 /* Browser */,
				0982BBB62AAFF64700C60475 /* TabBarViewController.swift */,
			);
			path = Core;
			sourceTree = "<group>";
		};
		0940D9F22AAB8DCB00ABD584 /* Others */ = {
			isa = PBXGroup;
			children = (
				098F8D252AAE083100BA9F2C /* DetailMovie */,
			);
			path = Others;
			sourceTree = "<group>";
		};
		0940D9F32AAB8DF000ABD584 /* Browser */ = {
			isa = PBXGroup;
			children = (
				0940D9F82AAB8E2000ABD584 /* View */,
				0940D9F72AAB8E1900ABD584 /* Interactor */,
				0940D9F62AAB8E0F00ABD584 /* Presenter */,
				0940D9F52AAB8E0600ABD584 /* Entity */,
				0940D9F42AAB8DFB00ABD584 /* Router */,
				09D21C582AABDCF2000CADBD /* Service */,
			);
			path = Browser;
			sourceTree = "<group>";
		};
		0940D9F42AAB8DFB00ABD584 /* Router */ = {
			isa = PBXGroup;
			children = (
				09D21C512AABADCB000CADBD /* BrowserRouter.swift */,
			);
			path = Router;
			sourceTree = "<group>";
		};
		0940D9F52AAB8E0600ABD584 /* Entity */ = {
			isa = PBXGroup;
			children = (
				099E155B2AACC38C003C916E /* NowPlayingEntity.swift */,
				0940D9FB2AAB902800ABD584 /* PopularMovieEntity.swift */,
				0940D9FD2AAB90DD00ABD584 /* PopularMoviesResponseEntity.swift */,
				099E155D2AACC3BC003C916E /* NowPlayingResponseEntity.swift */,
				099E15662AACE67C003C916E /* TopRateEntity.swift */,
				099E15682AACE6B9003C916E /* TopRateResponseEntity.swift */,
				098F8D1B2AAD448700BA9F2C /* UpComingResponseEntity.swift */,
				098F8D1D2AAD452200BA9F2C /* UpComingEntity.swift */,
			);
			path = Entity;
			sourceTree = "<group>";
		};
		0940D9F62AAB8E0F00ABD584 /* Presenter */ = {
			isa = PBXGroup;
			children = (
				09D21C4D2AAB9A5B000CADBD /* BrowserPresenter.swift */,
			);
			path = Presenter;
			sourceTree = "<group>";
		};
		0940D9F72AAB8E1900ABD584 /* Interactor */ = {
			isa = PBXGroup;
			children = (
				0940D9F92AAB8E7D00ABD584 /* BrowserInteractor.swift */,
			);
			path = Interactor;
			sourceTree = "<group>";
		};
		0940D9F82AAB8E2000ABD584 /* View */ = {
			isa = PBXGroup;
			children = (
				0940D9DB2AAB88DC00ABD584 /* BrowserView.swift */,
			);
			path = View;
			sourceTree = "<group>";
		};
		0982BBB82AB0CD8000C60475 /* Auth */ = {
			isa = PBXGroup;
			children = (
				0982BBBC2AB0CDF600C60475 /* View */,
				0982BBB92AB0CDBD00C60475 /* Interactor */,
				0982BBBA2AB0CDD400C60475 /* Presenter */,
				0982BBBD2AB0CE1600C60475 /* Entity */,
				0982BBCC2AB0F70D00C60475 /* Router */,
				0982BBBB2AB0CDDB00C60475 /* Service */,
			);
			path = Auth;
			sourceTree = "<group>";
		};
		0982BBB92AB0CDBD00C60475 /* Interactor */ = {
			isa = PBXGroup;
			children = (
				0982BBC42AB0EAA700C60475 /* AuthInteractor.swift */,
			);
			path = Interactor;
			sourceTree = "<group>";
		};
		0982BBBA2AB0CDD400C60475 /* Presenter */ = {
			isa = PBXGroup;
			children = (
				0982BBC62AB0F11B00C60475 /* AuthPresenter.swift */,
			);
			path = Presenter;
			sourceTree = "<group>";
		};
		0982BBBB2AB0CDDB00C60475 /* Service */ = {
			isa = PBXGroup;
			children = (
				0982BBBE2AB0CE5C00C60475 /* AuthService.swift */,
			);
			path = Service;
			sourceTree = "<group>";
		};
		0982BBBC2AB0CDF600C60475 /* View */ = {
			isa = PBXGroup;
			children = (
				0982BBC82AB0F21600C60475 /* AuthView.swift */,
			);
			path = View;
			sourceTree = "<group>";
		};
		0982BBBD2AB0CE1600C60475 /* Entity */ = {
			isa = PBXGroup;
			children = (
				0982BBC02AB0D5BD00C60475 /* AuthEntity.swift */,
				0982BBC22AB0E8EB00C60475 /* RequestTokenEntity.swift */,
			);
			path = Entity;
			sourceTree = "<group>";
		};
		0982BBCC2AB0F70D00C60475 /* Router */ = {
			isa = PBXGroup;
			children = (
				0982BBCA2AB0F2F200C60475 /* AuthRouter.swift */,
			);
			path = Router;
			sourceTree = "<group>";
		};
		098F8D252AAE083100BA9F2C /* DetailMovie */ = {
			isa = PBXGroup;
			children = (
				098F8D2B2AAE087000BA9F2C /* View */,
				098F8D2A2AAE086600BA9F2C /* Interactor */,
				098F8D292AAE085A00BA9F2C /* Presenter */,
				098F8D282AAE085200BA9F2C /* Entity */,
				098F8D272AAE084A00BA9F2C /* Router */,
				098F8D262AAE084400BA9F2C /* Service */,
			);
			path = DetailMovie;
			sourceTree = "<group>";
		};
		098F8D262AAE084400BA9F2C /* Service */ = {
			isa = PBXGroup;
			children = (
				098F8D2C2AAE08AD00BA9F2C /* DetailService.swift */,
			);
			path = Service;
			sourceTree = "<group>";
		};
		098F8D272AAE084A00BA9F2C /* Router */ = {
			isa = PBXGroup;
			children = (
				098F8D382AAE214600BA9F2C /* DetailMovieRouter.swift */,
			);
			path = Router;
			sourceTree = "<group>";
		};
		098F8D282AAE085200BA9F2C /* Entity */ = {
			isa = PBXGroup;
			children = (
				098F8D2E2AAE102800BA9F2C /* DetailMovieResponseEntity.swift */,
				098F8D302AAE108500BA9F2C /* GenreEntity.swift */,
			);
			path = Entity;
			sourceTree = "<group>";
		};
		098F8D292AAE085A00BA9F2C /* Presenter */ = {
			isa = PBXGroup;
			children = (
				098F8D342AAE139300BA9F2C /* DetailMoviePresenter.swift */,
			);
			path = Presenter;
			sourceTree = "<group>";
		};
		098F8D2A2AAE086600BA9F2C /* Interactor */ = {
			isa = PBXGroup;
			children = (
				098F8D322AAE131700BA9F2C /* DetailMovieInteractor.swift */,
			);
			path = Interactor;
			sourceTree = "<group>";
		};
		098F8D2B2AAE087000BA9F2C /* View */ = {
			isa = PBXGroup;
			children = (
				098F8D362AAE19A000BA9F2C /* DetailMovieView.swift */,
			);
			path = View;
			sourceTree = "<group>";
		};
		099E15572AACC123003C916E /* Helper */ = {
			isa = PBXGroup;
			children = (
				09D21C562AABDC7D000CADBD /* Mapper.swift */,
				099E15582AACC159003C916E /* AlertHelper.swift */,
			);
			path = Helper;
			sourceTree = "<group>";
		};
		099E15612AACDAC4003C916E /* ViewCells */ = {
			isa = PBXGroup;
			children = (
				099E15622AACDB02003C916E /* BasicMovieCollectionViewCell.swift */,
				099E15642AACE139003C916E /* HeaderTitleCollectionReusableView.swift */,
				0982BBA62AAE613200C60475 /* CoverCollectionViewCell.swift */,
				0982BBA82AAE6F8C00C60475 /* TextCollectionViewCell.swift */,
			);
			path = ViewCells;
			sourceTree = "<group>";
		};
		09D21C532AABDC48000CADBD /* Utils */ = {
			isa = PBXGroup;
			children = (
				099E15612AACDAC4003C916E /* ViewCells */,
				099E15572AACC123003C916E /* Helper */,
				09D21C5A2AABDD93000CADBD /* PopularViewModelCell.swift */,
				099E156A2AACE7BC003C916E /* TopRateViewModelCell.swift */,
				099E155F2AACC64B003C916E /* NowPlayingViewModelCell.swift */,
				098F8D1F2AAD47A900BA9F2C /* UpComingViewModelCell.swift */,
				0982BBA42AAE4DFB00C60475 /* DetailMovieViewModelCell.swift */,
			);
			path = Utils;
			sourceTree = "<group>";
		};
		09D21C582AABDCF2000CADBD /* Service */ = {
			isa = PBXGroup;
			children = (
				09D21C4F2AABA7D7000CADBD /* BrowserService.swift */,
			);
			path = Service;
			sourceTree = "<group>";
		};
		5A0D9E48705183FC9F6897D0 /* Pods */ = {
			isa = PBXGroup;
			children = (
				4CE94ABA4F3CE1225791AB33 /* Pods-TheMovie.debug.xcconfig */,
				9DEF1CFCC49080A5ED05CF30 /* Pods-TheMovie.release.xcconfig */,
			);
			path = Pods;
			sourceTree = "<group>";
		};
		DA5D867017E6F2BF68DA1F60 /* Frameworks */ = {
			isa = PBXGroup;
			children = (
				72C9BDB0781016D0F5A79FA7 /* Pods_TheMovie.framework */,
			);
			name = Frameworks;
			sourceTree = "<group>";
		};
/* End PBXGroup section */

/* Begin PBXNativeTarget section */
		0940D9D32AAB88DC00ABD584 /* TheMovie */ = {
			isa = PBXNativeTarget;
			buildConfigurationList = 0940D9E82AAB88E600ABD584 /* Build configuration list for PBXNativeTarget "TheMovie" */;
			buildPhases = (
				AA1B9E0D091A0EE74DF52E90 /* [CP] Check Pods Manifest.lock */,
				0940D9D02AAB88DC00ABD584 /* Sources */,
				0940D9D12AAB88DC00ABD584 /* Frameworks */,
				0940D9D22AAB88DC00ABD584 /* Resources */,
				A94ABD96A6988AA0861010BB /* [CP] Embed Pods Frameworks */,
			);
			buildRules = (
			);
			dependencies = (
			);
			name = TheMovie;
			productName = TheMovie;
			productReference = 0940D9D42AAB88DC00ABD584 /* TheMovie.app */;
			productType = "com.apple.product-type.application";
		};
/* End PBXNativeTarget section */

/* Begin PBXProject section */
		0940D9CC2AAB88DC00ABD584 /* Project object */ = {
			isa = PBXProject;
			attributes = {
				BuildIndependentTargetsInParallel = 1;
				LastSwiftUpdateCheck = 1340;
				LastUpgradeCheck = 1340;
				TargetAttributes = {
					0940D9D32AAB88DC00ABD584 = {
						CreatedOnToolsVersion = 13.4.1;
					};
				};
			};
			buildConfigurationList = 0940D9CF2AAB88DC00ABD584 /* Build configuration list for PBXProject "TheMovie" */;
			compatibilityVersion = "Xcode 13.0";
			developmentRegion = en;
			hasScannedForEncodings = 0;
			knownRegions = (
				en,
				Base,
			);
			mainGroup = 0940D9CB2AAB88DC00ABD584;
			productRefGroup = 0940D9D52AAB88DC00ABD584 /* Products */;
			projectDirPath = "";
			projectRoot = "";
			targets = (
				0940D9D32AAB88DC00ABD584 /* TheMovie */,
			);
		};
/* End PBXProject section */

/* Begin PBXResourcesBuildPhase section */
		0940D9D22AAB88DC00ABD584 /* Resources */ = {
			isa = PBXResourcesBuildPhase;
			buildActionMask = 2147483647;
			files = (
				0940D9E42AAB88E600ABD584 /* LaunchScreen.storyboard in Resources */,
				0940D9E12AAB88E600ABD584 /* Assets.xcassets in Resources */,
			);
			runOnlyForDeploymentPostprocessing = 0;
		};
/* End PBXResourcesBuildPhase section */

/* Begin PBXShellScriptBuildPhase section */
		A94ABD96A6988AA0861010BB /* [CP] Embed Pods Frameworks */ = {
			isa = PBXShellScriptBuildPhase;
			buildActionMask = 2147483647;
			files = (
			);
			inputFileListPaths = (
				"${PODS_ROOT}/Target Support Files/Pods-TheMovie/Pods-TheMovie-frameworks-${CONFIGURATION}-input-files.xcfilelist",
			);
			name = "[CP] Embed Pods Frameworks";
			outputFileListPaths = (
				"${PODS_ROOT}/Target Support Files/Pods-TheMovie/Pods-TheMovie-frameworks-${CONFIGURATION}-output-files.xcfilelist",
			);
			runOnlyForDeploymentPostprocessing = 0;
			shellPath = /bin/sh;
			shellScript = "\"${PODS_ROOT}/Target Support Files/Pods-TheMovie/Pods-TheMovie-frameworks.sh\"\n";
			showEnvVarsInLog = 0;
		};
		AA1B9E0D091A0EE74DF52E90 /* [CP] Check Pods Manifest.lock */ = {
			isa = PBXShellScriptBuildPhase;
			buildActionMask = 2147483647;
			files = (
			);
			inputFileListPaths = (
			);
			inputPaths = (
				"${PODS_PODFILE_DIR_PATH}/Podfile.lock",
				"${PODS_ROOT}/Manifest.lock",
			);
			name = "[CP] Check Pods Manifest.lock";
			outputFileListPaths = (
			);
			outputPaths = (
				"$(DERIVED_FILE_DIR)/Pods-TheMovie-checkManifestLockResult.txt",
			);
			runOnlyForDeploymentPostprocessing = 0;
			shellPath = /bin/sh;
			shellScript = "diff \"${PODS_PODFILE_DIR_PATH}/Podfile.lock\" \"${PODS_ROOT}/Manifest.lock\" > /dev/null\nif [ $? != 0 ] ; then\n    # print error to STDERR\n    echo \"error: The sandbox is not in sync with the Podfile.lock. Run 'pod install' or update your CocoaPods installation.\" >&2\n    exit 1\nfi\n# This output is used by Xcode 'outputs' to avoid re-running this script phase.\necho \"SUCCESS\" > \"${SCRIPT_OUTPUT_FILE_0}\"\n";
			showEnvVarsInLog = 0;
		};
/* End PBXShellScriptBuildPhase section */

/* Begin PBXSourcesBuildPhase section */
		0940D9D02AAB88DC00ABD584 /* Sources */ = {
			isa = PBXSourcesBuildPhase;
			buildActionMask = 2147483647;
			files = (
				098F8D352AAE139300BA9F2C /* DetailMoviePresenter.swift in Sources */,
				099E15652AACE139003C916E /* HeaderTitleCollectionReusableView.swift in Sources */,
				0940D9EF2AAB89AE00ABD584 /* RequestBuilder.swift in Sources */,
				0982BBC32AB0E8EB00C60475 /* RequestTokenEntity.swift in Sources */,
				098F8D312AAE108500BA9F2C /* GenreEntity.swift in Sources */,
				0982BBB72AAFF64700C60475 /* TabBarViewController.swift in Sources */,
				099E15602AACC64B003C916E /* NowPlayingViewModelCell.swift in Sources */,
				0940D9DC2AAB88DC00ABD584 /* BrowserView.swift in Sources */,
				0982BBA72AAE613200C60475 /* CoverCollectionViewCell.swift in Sources */,
				098F8D392AAE214600BA9F2C /* DetailMovieRouter.swift in Sources */,
				0982BBC92AB0F21600C60475 /* AuthView.swift in Sources */,
				09D21C502AABA7D7000CADBD /* BrowserService.swift in Sources */,
				0940D9FE2AAB90DD00ABD584 /* PopularMoviesResponseEntity.swift in Sources */,
				098F8D1E2AAD452200BA9F2C /* UpComingEntity.swift in Sources */,
				099E15592AACC159003C916E /* AlertHelper.swift in Sources */,
				09D21C572AABDC7D000CADBD /* Mapper.swift in Sources */,
				099E156B2AACE7BC003C916E /* TopRateViewModelCell.swift in Sources */,
				0982BBA52AAE4DFB00C60475 /* DetailMovieViewModelCell.swift in Sources */,
				098F8D2D2AAE08AD00BA9F2C /* DetailService.swift in Sources */,
				0940D9D82AAB88DC00ABD584 /* AppDelegate.swift in Sources */,
				0940D9FA2AAB8E7D00ABD584 /* BrowserInteractor.swift in Sources */,
				099E15692AACE6B9003C916E /* TopRateResponseEntity.swift in Sources */,
				098F8D1C2AAD448700BA9F2C /* UpComingResponseEntity.swift in Sources */,
				099E15672AACE67C003C916E /* TopRateEntity.swift in Sources */,
				0982BBC12AB0D5BD00C60475 /* AuthEntity.swift in Sources */,
				0982BBBF2AB0CE5C00C60475 /* AuthService.swift in Sources */,
				0982BBA92AAE6F8C00C60475 /* TextCollectionViewCell.swift in Sources */,
				09D21C522AABADCB000CADBD /* BrowserRouter.swift in Sources */,
				09D21C4E2AAB9A5B000CADBD /* BrowserPresenter.swift in Sources */,
				0940D9ED2AAB893700ABD584 /* CoreService.swift in Sources */,
				0982BBCB2AB0F2F200C60475 /* AuthRouter.swift in Sources */,
				09D21C5B2AABDD93000CADBD /* PopularViewModelCell.swift in Sources */,
				098F8D332AAE131700BA9F2C /* DetailMovieInteractor.swift in Sources */,
				0940D9FC2AAB902800ABD584 /* PopularMovieEntity.swift in Sources */,
				099E155E2AACC3BC003C916E /* NowPlayingResponseEntity.swift in Sources */,
				098F8D2F2AAE102800BA9F2C /* DetailMovieResponseEntity.swift in Sources */,
				0982BBC72AB0F11B00C60475 /* AuthPresenter.swift in Sources */,
				0940D9DA2AAB88DC00ABD584 /* SceneDelegate.swift in Sources */,
				099E15632AACDB02003C916E /* BasicMovieCollectionViewCell.swift in Sources */,
				0982BBC52AB0EAA700C60475 /* AuthInteractor.swift in Sources */,
				098F8D372AAE19A000BA9F2C /* DetailMovieView.swift in Sources */,
				098F8D202AAD47A900BA9F2C /* UpComingViewModelCell.swift in Sources */,
				099E155C2AACC38C003C916E /* NowPlayingEntity.swift in Sources */,
			);
			runOnlyForDeploymentPostprocessing = 0;
		};
/* End PBXSourcesBuildPhase section */

/* Begin PBXVariantGroup section */
		0940D9E22AAB88E600ABD584 /* LaunchScreen.storyboard */ = {
			isa = PBXVariantGroup;
			children = (
				0940D9E32AAB88E600ABD584 /* Base */,
			);
			name = LaunchScreen.storyboard;
			sourceTree = "<group>";
		};
/* End PBXVariantGroup section */

/* Begin XCBuildConfiguration section */
		0940D9E62AAB88E600ABD584 /* Debug */ = {
			isa = XCBuildConfiguration;
			buildSettings = {
				ALWAYS_SEARCH_USER_PATHS = NO;
				CLANG_ANALYZER_NONNULL = YES;
				CLANG_ANALYZER_NUMBER_OBJECT_CONVERSION = YES_AGGRESSIVE;
				CLANG_CXX_LANGUAGE_STANDARD = "gnu++17";
				CLANG_ENABLE_MODULES = YES;
				CLANG_ENABLE_OBJC_ARC = YES;
				CLANG_ENABLE_OBJC_WEAK = YES;
				CLANG_WARN_BLOCK_CAPTURE_AUTORELEASING = YES;
				CLANG_WARN_BOOL_CONVERSION = YES;
				CLANG_WARN_COMMA = YES;
				CLANG_WARN_CONSTANT_CONVERSION = YES;
				CLANG_WARN_DEPRECATED_OBJC_IMPLEMENTATIONS = YES;
				CLANG_WARN_DIRECT_OBJC_ISA_USAGE = YES_ERROR;
				CLANG_WARN_DOCUMENTATION_COMMENTS = YES;
				CLANG_WARN_EMPTY_BODY = YES;
				CLANG_WARN_ENUM_CONVERSION = YES;
				CLANG_WARN_INFINITE_RECURSION = YES;
				CLANG_WARN_INT_CONVERSION = YES;
				CLANG_WARN_NON_LITERAL_NULL_CONVERSION = YES;
				CLANG_WARN_OBJC_IMPLICIT_RETAIN_SELF = YES;
				CLANG_WARN_OBJC_LITERAL_CONVERSION = YES;
				CLANG_WARN_OBJC_ROOT_CLASS = YES_ERROR;
				CLANG_WARN_QUOTED_INCLUDE_IN_FRAMEWORK_HEADER = YES;
				CLANG_WARN_RANGE_LOOP_ANALYSIS = YES;
				CLANG_WARN_STRICT_PROTOTYPES = YES;
				CLANG_WARN_SUSPICIOUS_MOVE = YES;
				CLANG_WARN_UNGUARDED_AVAILABILITY = YES_AGGRESSIVE;
				CLANG_WARN_UNREACHABLE_CODE = YES;
				CLANG_WARN__DUPLICATE_METHOD_MATCH = YES;
				COPY_PHASE_STRIP = NO;
				DEBUG_INFORMATION_FORMAT = dwarf;
				ENABLE_STRICT_OBJC_MSGSEND = YES;
				ENABLE_TESTABILITY = YES;
				GCC_C_LANGUAGE_STANDARD = gnu11;
				GCC_DYNAMIC_NO_PIC = NO;
				GCC_NO_COMMON_BLOCKS = YES;
				GCC_OPTIMIZATION_LEVEL = 0;
				GCC_PREPROCESSOR_DEFINITIONS = (
					"DEBUG=1",
					"$(inherited)",
				);
				GCC_WARN_64_TO_32_BIT_CONVERSION = YES;
				GCC_WARN_ABOUT_RETURN_TYPE = YES_ERROR;
				GCC_WARN_UNDECLARED_SELECTOR = YES;
				GCC_WARN_UNINITIALIZED_AUTOS = YES_AGGRESSIVE;
				GCC_WARN_UNUSED_FUNCTION = YES;
				GCC_WARN_UNUSED_VARIABLE = YES;
				IPHONEOS_DEPLOYMENT_TARGET = 15.5;
				MTL_ENABLE_DEBUG_INFO = INCLUDE_SOURCE;
				MTL_FAST_MATH = YES;
				ONLY_ACTIVE_ARCH = YES;
				SDKROOT = iphoneos;
				SWIFT_ACTIVE_COMPILATION_CONDITIONS = DEBUG;
				SWIFT_OPTIMIZATION_LEVEL = "-Onone";
			};
			name = Debug;
		};
		0940D9E72AAB88E600ABD584 /* Release */ = {
			isa = XCBuildConfiguration;
			buildSettings = {
				ALWAYS_SEARCH_USER_PATHS = NO;
				CLANG_ANALYZER_NONNULL = YES;
				CLANG_ANALYZER_NUMBER_OBJECT_CONVERSION = YES_AGGRESSIVE;
				CLANG_CXX_LANGUAGE_STANDARD = "gnu++17";
				CLANG_ENABLE_MODULES = YES;
				CLANG_ENABLE_OBJC_ARC = YES;
				CLANG_ENABLE_OBJC_WEAK = YES;
				CLANG_WARN_BLOCK_CAPTURE_AUTORELEASING = YES;
				CLANG_WARN_BOOL_CONVERSION = YES;
				CLANG_WARN_COMMA = YES;
				CLANG_WARN_CONSTANT_CONVERSION = YES;
				CLANG_WARN_DEPRECATED_OBJC_IMPLEMENTATIONS = YES;
				CLANG_WARN_DIRECT_OBJC_ISA_USAGE = YES_ERROR;
				CLANG_WARN_DOCUMENTATION_COMMENTS = YES;
				CLANG_WARN_EMPTY_BODY = YES;
				CLANG_WARN_ENUM_CONVERSION = YES;
				CLANG_WARN_INFINITE_RECURSION = YES;
				CLANG_WARN_INT_CONVERSION = YES;
				CLANG_WARN_NON_LITERAL_NULL_CONVERSION = YES;
				CLANG_WARN_OBJC_IMPLICIT_RETAIN_SELF = YES;
				CLANG_WARN_OBJC_LITERAL_CONVERSION = YES;
				CLANG_WARN_OBJC_ROOT_CLASS = YES_ERROR;
				CLANG_WARN_QUOTED_INCLUDE_IN_FRAMEWORK_HEADER = YES;
				CLANG_WARN_RANGE_LOOP_ANALYSIS = YES;
				CLANG_WARN_STRICT_PROTOTYPES = YES;
				CLANG_WARN_SUSPICIOUS_MOVE = YES;
				CLANG_WARN_UNGUARDED_AVAILABILITY = YES_AGGRESSIVE;
				CLANG_WARN_UNREACHABLE_CODE = YES;
				CLANG_WARN__DUPLICATE_METHOD_MATCH = YES;
				COPY_PHASE_STRIP = NO;
				DEBUG_INFORMATION_FORMAT = "dwarf-with-dsym";
				ENABLE_NS_ASSERTIONS = NO;
				ENABLE_STRICT_OBJC_MSGSEND = YES;
				GCC_C_LANGUAGE_STANDARD = gnu11;
				GCC_NO_COMMON_BLOCKS = YES;
				GCC_WARN_64_TO_32_BIT_CONVERSION = YES;
				GCC_WARN_ABOUT_RETURN_TYPE = YES_ERROR;
				GCC_WARN_UNDECLARED_SELECTOR = YES;
				GCC_WARN_UNINITIALIZED_AUTOS = YES_AGGRESSIVE;
				GCC_WARN_UNUSED_FUNCTION = YES;
				GCC_WARN_UNUSED_VARIABLE = YES;
				IPHONEOS_DEPLOYMENT_TARGET = 15.5;
				MTL_ENABLE_DEBUG_INFO = NO;
				MTL_FAST_MATH = YES;
				SDKROOT = iphoneos;
				SWIFT_COMPILATION_MODE = wholemodule;
				SWIFT_OPTIMIZATION_LEVEL = "-O";
				VALIDATE_PRODUCT = YES;
			};
			name = Release;
		};
		0940D9E92AAB88E600ABD584 /* Debug */ = {
			isa = XCBuildConfiguration;
			baseConfigurationReference = 4CE94ABA4F3CE1225791AB33 /* Pods-TheMovie.debug.xcconfig */;
			buildSettings = {
				ASSETCATALOG_COMPILER_APPICON_NAME = AppIcon;
				ASSETCATALOG_COMPILER_GLOBAL_ACCENT_COLOR_NAME = AccentColor;
				CODE_SIGN_STYLE = Automatic;
				CURRENT_PROJECT_VERSION = 1;
				DEVELOPMENT_TEAM = 5WR73Q6863;
				GENERATE_INFOPLIST_FILE = YES;
				INFOPLIST_FILE = TheMovie/Info.plist;
				INFOPLIST_KEY_UIApplicationSupportsIndirectInputEvents = YES;
				INFOPLIST_KEY_UILaunchStoryboardName = LaunchScreen;
				INFOPLIST_KEY_UISupportedInterfaceOrientations = UIInterfaceOrientationPortrait;
				INFOPLIST_KEY_UISupportedInterfaceOrientations_iPad = "UIInterfaceOrientationPortrait UIInterfaceOrientationPortraitUpsideDown UIInterfaceOrientationLandscapeLeft UIInterfaceOrientationLandscapeRight";
				INFOPLIST_KEY_UISupportedInterfaceOrientations_iPhone = "UIInterfaceOrientationPortrait UIInterfaceOrientationLandscapeLeft UIInterfaceOrientationLandscapeRight";
				LD_RUNPATH_SEARCH_PATHS = (
					"$(inherited)",
					"@executable_path/Frameworks",
				);
				MARKETING_VERSION = 1.0;
				PRODUCT_BUNDLE_IDENTIFIER = com.adriancysvillegas.TheMovie;
				PRODUCT_NAME = "$(TARGET_NAME)";
				SWIFT_EMIT_LOC_STRINGS = YES;
				SWIFT_VERSION = 5.0;
				TARGETED_DEVICE_FAMILY = "1,2";
			};
			name = Debug;
		};
		0940D9EA2AAB88E600ABD584 /* Release */ = {
			isa = XCBuildConfiguration;
			baseConfigurationReference = 9DEF1CFCC49080A5ED05CF30 /* Pods-TheMovie.release.xcconfig */;
			buildSettings = {
				ASSETCATALOG_COMPILER_APPICON_NAME = AppIcon;
				ASSETCATALOG_COMPILER_GLOBAL_ACCENT_COLOR_NAME = AccentColor;
				CODE_SIGN_STYLE = Automatic;
				CURRENT_PROJECT_VERSION = 1;
				DEVELOPMENT_TEAM = 5WR73Q6863;
				GENERATE_INFOPLIST_FILE = YES;
				INFOPLIST_FILE = TheMovie/Info.plist;
				INFOPLIST_KEY_UIApplicationSupportsIndirectInputEvents = YES;
				INFOPLIST_KEY_UILaunchStoryboardName = LaunchScreen;
				INFOPLIST_KEY_UISupportedInterfaceOrientations = UIInterfaceOrientationPortrait;
				INFOPLIST_KEY_UISupportedInterfaceOrientations_iPad = "UIInterfaceOrientationPortrait UIInterfaceOrientationPortraitUpsideDown UIInterfaceOrientationLandscapeLeft UIInterfaceOrientationLandscapeRight";
				INFOPLIST_KEY_UISupportedInterfaceOrientations_iPhone = "UIInterfaceOrientationPortrait UIInterfaceOrientationLandscapeLeft UIInterfaceOrientationLandscapeRight";
				LD_RUNPATH_SEARCH_PATHS = (
					"$(inherited)",
					"@executable_path/Frameworks",
				);
				MARKETING_VERSION = 1.0;
				PRODUCT_BUNDLE_IDENTIFIER = com.adriancysvillegas.TheMovie;
				PRODUCT_NAME = "$(TARGET_NAME)";
				SWIFT_EMIT_LOC_STRINGS = YES;
				SWIFT_VERSION = 5.0;
				TARGETED_DEVICE_FAMILY = "1,2";
			};
			name = Release;
		};
/* End XCBuildConfiguration section */

/* Begin XCConfigurationList section */
		0940D9CF2AAB88DC00ABD584 /* Build configuration list for PBXProject "TheMovie" */ = {
			isa = XCConfigurationList;
			buildConfigurations = (
				0940D9E62AAB88E600ABD584 /* Debug */,
				0940D9E72AAB88E600ABD584 /* Release */,
			);
			defaultConfigurationIsVisible = 0;
			defaultConfigurationName = Release;
		};
		0940D9E82AAB88E600ABD584 /* Build configuration list for PBXNativeTarget "TheMovie" */ = {
			isa = XCConfigurationList;
			buildConfigurations = (
				0940D9E92AAB88E600ABD584 /* Debug */,
				0940D9EA2AAB88E600ABD584 /* Release */,
			);
			defaultConfigurationIsVisible = 0;
			defaultConfigurationName = Release;
		};
/* End XCConfigurationList section */
	};
	rootObject = 0940D9CC2AAB88DC00ABD584 /* Project object */;
}
